
Microsoft Visual Studio Solution File, Format Version 12.00
# Visual Studio 2012
Project("{FAE04EC0-301F-11D3-BF4B-00C04F79EFBC}") = "SongTagger.Core", "SongTagger.Core\SongTagger.Core.csproj", "{CABCA89A-AC52-449C-B66B-74DD7B3F3A74}"
EndProject
Project("{FAE04EC0-301F-11D3-BF4B-00C04F79EFBC}") = "SongTagger.Core.Test", "SongTagger.Core.Test\SongTagger.Core.Test.csproj", "{302BE3F2-952C-4FCE-86B8-E5D26DFE3556}"
EndProject
Project("{FAE04EC0-301F-11D3-BF4B-00C04F79EFBC}") = "SongTagger.Cmd", "SongTagger.Cmd\SongTagger.Cmd.csproj", "{B85B2213-5C22-4DE2-AA28-C832F193A8C9}"
EndProject
Project("{2150E333-8FDC-42A3-9474-1A3956D46DE8}") = ".nuget", ".nuget", "{9403C1C0-501F-42D7-87D2-060E6C9680DA}"
	ProjectSection(SolutionItems) = preProject
		.nuget\NuGet.Config = .nuget\NuGet.Config
		.nuget\NuGet.exe = .nuget\NuGet.exe
		.nuget\NuGet.targets = .nuget\NuGet.targets
	EndProjectSection
EndProject
Global
	GlobalSection(TeamFoundationVersionControl) = preSolution
		SccNumberOfProjects = 4
		SccEnterpriseProvider = {4CA58AB2-18FA-4F8D-95D4-32DDF27D184C}
		SccTeamFoundationServer = https://tfs.codeplex.com/tfs/tfs15
		SccLocalPath0 = .
		SccProjectUniqueName1 = SongTagger.Core\\SongTagger.Core.csproj
		SccProjectName1 = SongTagger.Core
		SccLocalPath1 = SongTagger.Core
		SccProjectUniqueName2 = SongTagger.Core.Test\\SongTagger.Core.Test.csproj
		SccProjectName2 = SongTagger.Core.Test
		SccLocalPath2 = SongTagger.Core.Test
		SccProjectUniqueName3 = SongTagger.Cmd\\SongTagger.Cmd.csproj
		SccProjectName3 = SongTagger.Cmd
		SccLocalPath3 = SongTagger.Cmd
	EndGlobalSection
	GlobalSection(SolutionConfigurationPlatforms) = preSolution
		Debug|Any CPU = Debug|Any CPU
		Release|Any CPU = Release|Any CPU
	EndGlobalSection
	GlobalSection(ProjectConfigurationPlatforms) = postSolution
		{CABCA89A-AC52-449C-B66B-74DD7B3F3A74}.Debug|Any CPU.ActiveCfg = Debug|Any CPU
		{CABCA89A-AC52-449C-B66B-74DD7B3F3A74}.Debug|Any CPU.Build.0 = Debug|Any CPU
		{CABCA89A-AC52-449C-B66B-74DD7B3F3A74}.Release|Any CPU.ActiveCfg = Release|Any CPU
		{CABCA89A-AC52-449C-B66B-74DD7B3F3A74}.Release|Any CPU.Build.0 = Release|Any CPU
		{302BE3F2-952C-4FCE-86B8-E5D26DFE3556}.Debug|Any CPU.ActiveCfg = Debug|Any CPU
		{302BE3F2-952C-4FCE-86B8-E5D26DFE3556}.Debug|Any CPU.Build.0 = Debug|Any CPU
		{302BE3F2-952C-4FCE-86B8-E5D26DFE3556}.Release|Any CPU.ActiveCfg = Release|Any CPU
		{B85B2213-5C22-4DE2-AA28-C832F193A8C9}.Debug|Any CPU.ActiveCfg = Debug|Any CPU
		{B85B2213-5C22-4DE2-AA28-C832F193A8C9}.Debug|Any CPU.Build.0 = Debug|Any CPU
		{B85B2213-5C22-4DE2-AA28-C832F193A8C9}.Release|Any CPU.ActiveCfg = Release|Any CPU
		{B85B2213-5C22-4DE2-AA28-C832F193A8C9}.Release|Any CPU.Build.0 = Release|Any CPU
	EndGlobalSection
	GlobalSection(SolutionProperties) = preSolution
		HideSolutionNode = FALSE
	EndGlobalSection
	GlobalSection(MonoDevelopProperties) = preSolution
		StartupItem = SongTagger.Core\SongTagger.Core.csproj
		Policies = $0
		$0.DotNetNamingPolicy = $1
		$1.DirectoryNamespaceAssociation = None
		$1.ResourceNamePolicy = FileFormatDefault
		$0.StandardHeader = $2
		$2.Text = @\n ${FileName}\n \n Author:\n      ${AuthorName} <${AuthorEmail}>\n\n Copyright (c) ${Year} ${CopyrightHolder}\n\n This program is free software; you can redistribute it and/or modify\n it under the terms of the GNU General Public License as published by\n the Free Software Foundation; either version 2 of the License, or\n (at your option) any later version.\n\n This program is distributed in the hope that it will be useful,\n but WITHOUT ANY WARRANTY; without even the implied warranty of\n MERCHANTABILITY or FITNESS FOR A PARTICULAR PURPOSE. See the\n GNU General Public License for more details.\n \n You should have received a copy of the GNU General Public License\n along with this program; if not, write to the Free Software\n Foundation, Inc., 59 Temple Place, Suite 330, Boston, MA 02111-1307 USA\n
		$2.IncludeInNewFiles = True
		$0.NameConventionPolicy = $3
		$3.Rules = $4
		$4.NamingRule = $5
		$5.AffectedEntity = None
		$5.VisibilityMask = VisibilityMask
		$5.NamingStyle = None
		$5.IncludeInstanceMembers = True
		$5.IncludeStaticEntities = True
		$0.TextStylePolicy = $11
		$6.inheritsSet = VisualStudio
		$6.inheritsScope = text/plain
		$6.scope = text/x-csharp
		$0.CSharpFormattingPolicy = $7
		$7.IndentSwitchBody = True
		$7.AnonymousMethodBraceStyle = NextLine
		$7.PropertyBraceStyle = NextLine
		$7.PropertyGetBraceStyle = NextLine
		$7.PropertySetBraceStyle = NextLine
		$7.EventBraceStyle = NextLine
		$7.EventAddBraceStyle = NextLine
		$7.EventRemoveBraceStyle = NextLine
		$7.StatementBraceStyle = NextLine
		$7.ArrayInitializerBraceStyle = NextLine
		$7.BeforeMethodDeclarationParentheses = False
		$7.BeforeMethodCallParentheses = False
		$7.BeforeConstructorDeclarationParentheses = False
		$7.BeforeDelegateDeclarationParentheses = False
		$7.NewParentheses = False
		$7.inheritsSet = Mono
		$7.inheritsScope = text/x-csharp
		$7.scope = text/x-csharp
		$8.inheritsSet = VisualStudio
		$8.inheritsScope = text/plain
		$8.scope = text/plain
		$9.inheritsSet = null
		$9.scope = application/config+xml
		$0.XmlFormattingPolicy = $12
		$10.inheritsSet = null
		$10.scope = application/config+xml
		$11.inheritsSet = Mono
		$11.inheritsScope = text/plain
		$11.scope = application/xml
		$12.inheritsSet = Mono
		$12.inheritsScope = application/xml
		$12.scope = application/xml
		description = http://songtagger.codeplex.com/
		outputpath = bin
	EndGlobalSection
EndGlobal
